
Microsoft Visual Studio Solution File, Format Version 12.00
# Visual Studio Version 17
VisualStudioVersion = 17.5.33627.172
MinimumVisualStudioVersion = 10.0.40219.1
Project("{2150E333-8FDC-42A3-9474-1A3956D46DE8}") = "Core", "Core", "{A0A4E920-C5D8-4B0E-B39C-4FC348EBF69C}"
EndProject
Project("{2150E333-8FDC-42A3-9474-1A3956D46DE8}") = "Infrastructre", "Infrastructre", "{DC48D56D-71BB-424D-BB89-0C4E8A1A8235}"
EndProject
Project("{FAE04EC0-301F-11D3-BF4B-00C04F79EFBC}") = "PW.Application", "Core\PW.Application\PW.Application.csproj", "{584D65EC-3CEF-4AD5-8B06-C759A7159937}"
EndProject
Project("{FAE04EC0-301F-11D3-BF4B-00C04F79EFBC}") = "PW.Domain", "Core\PW.Domain\PW.Domain.csproj", "{8A647309-6637-4210-89B8-A3485D034EC7}"
EndProject
Project("{FAE04EC0-301F-11D3-BF4B-00C04F79EFBC}") = "PW.Infrastructre", "Infrastructre\PW.Infrastructre\PW.Infrastructre.csproj", "{8FF45C2A-CEBB-4274-9A4F-63F349252888}"
EndProject
Project("{2150E333-8FDC-42A3-9474-1A3956D46DE8}") = "Presentation", "Presentation", "{9CDA0640-8B65-4EEC-93A9-9962B40AB4F3}"
EndProject
Project("{FAE04EC0-301F-11D3-BF4B-00C04F79EFBC}") = "PW.Persistence", "Infrastructre\PW.Persistence\PW.Persistence.csproj", "{12E431FD-ABC7-4947-B8B8-F692270CB87B}"
EndProject
Project("{FAE04EC0-301F-11D3-BF4B-00C04F79EFBC}") = "PW.Web", "Presentation\PW.Web\PW.Web.csproj", "{5C1DA72E-ACF3-45C9-9AAD-EDDD27D6AF57}"
EndProject
Global
	GlobalSection(SolutionConfigurationPlatforms) = preSolution
		Debug|Any CPU = Debug|Any CPU
		Release|Any CPU = Release|Any CPU
	EndGlobalSection
	GlobalSection(ProjectConfigurationPlatforms) = postSolution
		{584D65EC-3CEF-4AD5-8B06-C759A7159937}.Debug|Any CPU.ActiveCfg = Debug|Any CPU
		{584D65EC-3CEF-4AD5-8B06-C759A7159937}.Debug|Any CPU.Build.0 = Debug|Any CPU
		{584D65EC-3CEF-4AD5-8B06-C759A7159937}.Release|Any CPU.ActiveCfg = Release|Any CPU
		{584D65EC-3CEF-4AD5-8B06-C759A7159937}.Release|Any CPU.Build.0 = Release|Any CPU
		{8A647309-6637-4210-89B8-A3485D034EC7}.Debug|Any CPU.ActiveCfg = Debug|Any CPU
		{8A647309-6637-4210-89B8-A3485D034EC7}.Debug|Any CPU.Build.0 = Debug|Any CPU
		{8A647309-6637-4210-89B8-A3485D034EC7}.Release|Any CPU.ActiveCfg = Release|Any CPU
		{8A647309-6637-4210-89B8-A3485D034EC7}.Release|Any CPU.Build.0 = Release|Any CPU
		{8FF45C2A-CEBB-4274-9A4F-63F349252888}.Debug|Any CPU.ActiveCfg = Debug|Any CPU
		{8FF45C2A-CEBB-4274-9A4F-63F349252888}.Debug|Any CPU.Build.0 = Debug|Any CPU
		{8FF45C2A-CEBB-4274-9A4F-63F349252888}.Release|Any CPU.ActiveCfg = Release|Any CPU
		{8FF45C2A-CEBB-4274-9A4F-63F349252888}.Release|Any CPU.Build.0 = Release|Any CPU
		{12E431FD-ABC7-4947-B8B8-F692270CB87B}.Debug|Any CPU.ActiveCfg = Debug|Any CPU
		{12E431FD-ABC7-4947-B8B8-F692270CB87B}.Debug|Any CPU.Build.0 = Debug|Any CPU
		{12E431FD-ABC7-4947-B8B8-F692270CB87B}.Release|Any CPU.ActiveCfg = Release|Any CPU
		{12E431FD-ABC7-4947-B8B8-F692270CB87B}.Release|Any CPU.Build.0 = Release|Any CPU
		{5C1DA72E-ACF3-45C9-9AAD-EDDD27D6AF57}.Debug|Any CPU.ActiveCfg = Debug|Any CPU
		{5C1DA72E-ACF3-45C9-9AAD-EDDD27D6AF57}.Debug|Any CPU.Build.0 = Debug|Any CPU
		{5C1DA72E-ACF3-45C9-9AAD-EDDD27D6AF57}.Release|Any CPU.ActiveCfg = Release|Any CPU
		{5C1DA72E-ACF3-45C9-9AAD-EDDD27D6AF57}.Release|Any CPU.Build.0 = Release|Any CPU
	EndGlobalSection
	GlobalSection(SolutionProperties) = preSolution
		HideSolutionNode = FALSE
	EndGlobalSection
	GlobalSection(NestedProjects) = preSolution
		{584D65EC-3CEF-4AD5-8B06-C759A7159937} = {A0A4E920-C5D8-4B0E-B39C-4FC348EBF69C}
		{8A647309-6637-4210-89B8-A3485D034EC7} = {A0A4E920-C5D8-4B0E-B39C-4FC348EBF69C}
		{8FF45C2A-CEBB-4274-9A4F-63F349252888} = {DC48D56D-71BB-424D-BB89-0C4E8A1A8235}
		{12E431FD-ABC7-4947-B8B8-F692270CB87B} = {DC48D56D-71BB-424D-BB89-0C4E8A1A8235}
		{5C1DA72E-ACF3-45C9-9AAD-EDDD27D6AF57} = {9CDA0640-8B65-4EEC-93A9-9962B40AB4F3}
	EndGlobalSection
	GlobalSection(ExtensibilityGlobals) = postSolution
		SolutionGuid = {741DA03D-D6DA-4E99-B97D-A6373825AD69}
	EndGlobalSection
EndGlobal
